{
  "object": {
    "pins": [
      {
        "package": "Action",
        "repositoryURL": "https://github.com/RxSwiftCommunity/Action.git",
        "state": {
          "branch": null,
          "revision": "21110e93ef7b08ce9f01806827e4f381b5b09ab1",
          "version": "4.3.0"
        }
      },
      {
        "package": "RxSwift",
        "repositoryURL": "https://github.com/ReactiveX/RxSwift.git",
        "state": {
          "branch": null,
          "revision": "7c17a6ccca06b5c107cfa4284e634562ddaf5951",
          "version": "6.2.0"
        }
      }
    ]
  },
  "version": 1
}
